
Microsoft Visual Studio Solution File, Format Version 12.00
# Visual Studio 14
VisualStudioVersion = 14.0.25123.0
MinimumVisualStudioVersion = 10.0.40219.1
Project("{FAE04EC0-301F-11D3-BF4B-00C04F79EFBC}") = "Sokoban", "Sokoban\Sokoban.csproj", "{DA4877A0-A1D9-4880-A1D1-A915B8F4A232}"
EndProject
Global
	GlobalSection(SolutionConfigurationPlatforms) = preSolution
		Debug|Any CPU = Debug|Any CPU
		Release|Any CPU = Release|Any CPU
	EndGlobalSection
	GlobalSection(ProjectConfigurationPlatforms) = postSolution
		{DA4877A0-A1D9-4880-A1D1-A915B8F4A232}.Debug|Any CPU.ActiveCfg = Debug|Any CPU
		{DA4877A0-A1D9-4880-A1D1-A915B8F4A232}.Debug|Any CPU.Build.0 = Debug|Any CPU
		{DA4877A0-A1D9-4880-A1D1-A915B8F4A232}.Release|Any CPU.ActiveCfg = Release|Any CPU
		{DA4877A0-A1D9-4880-A1D1-A915B8F4A232}.Release|Any CPU.Build.0 = Release|Any CPU
	EndGlobalSection
	GlobalSection(SolutionProperties) = preSolution
		HideSolutionNode = FALSE
	EndGlobalSection
EndGlobal
